
Microsoft Visual Studio Solution File, Format Version 12.00
# Visual Studio Version 17
VisualStudioVersion = 17.5.2.0
MinimumVisualStudioVersion = 10.0.40219.1
Project("{2150E333-8FDC-42A3-9474-1A3956D46DE8}") = "src", "src", "{827E0CD3-B72D-47B6-A68D-7590B98EB39B}"
EndProject
Project("{2150E333-8FDC-42A3-9474-1A3956D46DE8}") = "servers", "servers", "{CC80CF82-095A-9A70-E4AA-4F39E72E717A}"
EndProject
Project("{2150E333-8FDC-42A3-9474-1A3956D46DE8}") = "Web", "Web", "{DDAF33F6-5FC5-E3C5-2727-524EB22D6C32}"
EndProject
Project("{FAE04EC0-301F-11D3-BF4B-00C04F79EFBC}") = "Daas.Api", "src\servers\Web\Daas.Api\Daas.Api.csproj", "{6BD30637-7E68-1B46-4C31-49D9F19F73E8}"
EndProject
Project("{2150E333-8FDC-42A3-9474-1A3956D46DE8}") = "tests", "tests", "{0AB3BF05-4346-4AA6-1389-037BE0695223}"
EndProject
Project("{FAE04EC0-301F-11D3-BF4B-00C04F79EFBC}") = "Daas.Api.Tests", "tests\Daas.Api.Tests\Daas.Api.Tests.csproj", "{1449D718-A8FE-4E9A-AC35-9716690851B5}"
EndProject
Global
	GlobalSection(SolutionConfigurationPlatforms) = preSolution
		Debug|Any CPU = Debug|Any CPU
		Debug|x64 = Debug|x64
		Debug|x86 = Debug|x86
		Release|Any CPU = Release|Any CPU
		Release|x64 = Release|x64
		Release|x86 = Release|x86
	EndGlobalSection
	GlobalSection(ProjectConfigurationPlatforms) = postSolution
		{6BD30637-7E68-1B46-4C31-49D9F19F73E8}.Debug|Any CPU.ActiveCfg = Debug|Any CPU
		{6BD30637-7E68-1B46-4C31-49D9F19F73E8}.Debug|Any CPU.Build.0 = Debug|Any CPU
		{6BD30637-7E68-1B46-4C31-49D9F19F73E8}.Debug|x64.ActiveCfg = Debug|Any CPU
		{6BD30637-7E68-1B46-4C31-49D9F19F73E8}.Debug|x64.Build.0 = Debug|Any CPU
		{6BD30637-7E68-1B46-4C31-49D9F19F73E8}.Debug|x86.ActiveCfg = Debug|Any CPU
		{6BD30637-7E68-1B46-4C31-49D9F19F73E8}.Debug|x86.Build.0 = Debug|Any CPU
		{6BD30637-7E68-1B46-4C31-49D9F19F73E8}.Release|Any CPU.ActiveCfg = Release|Any CPU
		{6BD30637-7E68-1B46-4C31-49D9F19F73E8}.Release|Any CPU.Build.0 = Release|Any CPU
		{6BD30637-7E68-1B46-4C31-49D9F19F73E8}.Release|x64.ActiveCfg = Release|Any CPU
		{6BD30637-7E68-1B46-4C31-49D9F19F73E8}.Release|x64.Build.0 = Release|Any CPU
		{6BD30637-7E68-1B46-4C31-49D9F19F73E8}.Release|x86.ActiveCfg = Release|Any CPU
		{6BD30637-7E68-1B46-4C31-49D9F19F73E8}.Release|x86.Build.0 = Release|Any CPU
		{1449D718-A8FE-4E9A-AC35-9716690851B5}.Debug|Any CPU.ActiveCfg = Debug|Any CPU
		{1449D718-A8FE-4E9A-AC35-9716690851B5}.Debug|Any CPU.Build.0 = Debug|Any CPU
		{1449D718-A8FE-4E9A-AC35-9716690851B5}.Debug|x64.ActiveCfg = Debug|Any CPU
		{1449D718-A8FE-4E9A-AC35-9716690851B5}.Debug|x64.Build.0 = Debug|Any CPU
		{1449D718-A8FE-4E9A-AC35-9716690851B5}.Debug|x86.ActiveCfg = Debug|Any CPU
		{1449D718-A8FE-4E9A-AC35-9716690851B5}.Debug|x86.Build.0 = Debug|Any CPU
		{1449D718-A8FE-4E9A-AC35-9716690851B5}.Release|Any CPU.ActiveCfg = Release|Any CPU
		{1449D718-A8FE-4E9A-AC35-9716690851B5}.Release|Any CPU.Build.0 = Release|Any CPU
		{1449D718-A8FE-4E9A-AC35-9716690851B5}.Release|x64.ActiveCfg = Release|Any CPU
		{1449D718-A8FE-4E9A-AC35-9716690851B5}.Release|x64.Build.0 = Release|Any CPU
		{1449D718-A8FE-4E9A-AC35-9716690851B5}.Release|x86.ActiveCfg = Release|Any CPU
		{1449D718-A8FE-4E9A-AC35-9716690851B5}.Release|x86.Build.0 = Release|Any CPU
	EndGlobalSection
	GlobalSection(SolutionProperties) = preSolution
		HideSolutionNode = FALSE
	EndGlobalSection
	GlobalSection(NestedProjects) = preSolution
		{CC80CF82-095A-9A70-E4AA-4F39E72E717A} = {827E0CD3-B72D-47B6-A68D-7590B98EB39B}
		{DDAF33F6-5FC5-E3C5-2727-524EB22D6C32} = {CC80CF82-095A-9A70-E4AA-4F39E72E717A}
		{6BD30637-7E68-1B46-4C31-49D9F19F73E8} = {DDAF33F6-5FC5-E3C5-2727-524EB22D6C32}
		{1449D718-A8FE-4E9A-AC35-9716690851B5} = {0AB3BF05-4346-4AA6-1389-037BE0695223}
	EndGlobalSection
	GlobalSection(ExtensibilityGlobals) = postSolution
		SolutionGuid = {DE0E5938-F328-4877-A6B0-65468BB8719F}
	EndGlobalSection
EndGlobal
